
Microsoft Visual Studio Solution File, Format Version 12.00
# Visual Studio 2015
Project("{FAE04EC0-301F-11D3-BF4B-00C04F79EFBC}") = "Studio Lab 6.Plugins", "Studio Lab 6.Plugins.csproj", "{F12E153D-DE9A-1544-B22A-753B8F4738A5}"
EndProject
Global
	GlobalSection(SolutionConfigurationPlatforms) = preSolution
		Debug|Any CPU = Debug|Any CPU
		Release|Any CPU = Release|Any CPU
	EndGlobalSection
	GlobalSection(ProjectConfigurationPlatforms) = postSolution
		{F12E153D-DE9A-1544-B22A-753B8F4738A5}.Debug|Any CPU.ActiveCfg = Debug|Any CPU
		{F12E153D-DE9A-1544-B22A-753B8F4738A5}.Debug|Any CPU.Build.0 = Debug|Any CPU
		{F12E153D-DE9A-1544-B22A-753B8F4738A5}.Release|Any CPU.ActiveCfg = Release|Any CPU
		{F12E153D-DE9A-1544-B22A-753B8F4738A5}.Release|Any CPU.Build.0 = Release|Any CPU
	EndGlobalSection
	GlobalSection(SolutionProperties) = preSolution
		HideSolutionNode = FALSE
	EndGlobalSection
EndGlobal
